
Microsoft Visual Studio Solution File, Format Version 12.00
# Visual Studio Version 17
VisualStudioVersion = 17.2.32616.157
MinimumVisualStudioVersion = 10.0.40219.1
Project("{FAE04EC0-301F-11D3-BF4B-00C04F79EFBC}") = "gm-assist-server", "gm-assist-server\gm-assist-server.csproj", "{9C879FA1-BD66-4E62-95B8-CF6BD4DD695D}"
EndProject
Project("{FAE04EC0-301F-11D3-BF4B-00C04F79EFBC}") = "Tests", "Tests\Tests.csproj", "{2AD72D9F-DE47-4D73-ABEF-A1DD9CB0313C}"
EndProject
Global
	GlobalSection(SolutionConfigurationPlatforms) = preSolution
		Debug|Any CPU = Debug|Any CPU
		Release|Any CPU = Release|Any CPU
	EndGlobalSection
	GlobalSection(ProjectConfigurationPlatforms) = postSolution
		{9C879FA1-BD66-4E62-95B8-CF6BD4DD695D}.Debug|Any CPU.ActiveCfg = Debug|Any CPU
		{9C879FA1-BD66-4E62-95B8-CF6BD4DD695D}.Debug|Any CPU.Build.0 = Debug|Any CPU
		{9C879FA1-BD66-4E62-95B8-CF6BD4DD695D}.Release|Any CPU.ActiveCfg = Release|Any CPU
		{9C879FA1-BD66-4E62-95B8-CF6BD4DD695D}.Release|Any CPU.Build.0 = Release|Any CPU
		{2AD72D9F-DE47-4D73-ABEF-A1DD9CB0313C}.Debug|Any CPU.ActiveCfg = Debug|Any CPU
		{2AD72D9F-DE47-4D73-ABEF-A1DD9CB0313C}.Debug|Any CPU.Build.0 = Debug|Any CPU
		{2AD72D9F-DE47-4D73-ABEF-A1DD9CB0313C}.Release|Any CPU.ActiveCfg = Release|Any CPU
		{2AD72D9F-DE47-4D73-ABEF-A1DD9CB0313C}.Release|Any CPU.Build.0 = Release|Any CPU
	EndGlobalSection
	GlobalSection(SolutionProperties) = preSolution
		HideSolutionNode = FALSE
	EndGlobalSection
	GlobalSection(ExtensibilityGlobals) = postSolution
		SolutionGuid = {B505BE24-CA65-4B23-BF20-BD3B040C9712}
	EndGlobalSection
EndGlobal
